
Microsoft Visual Studio Solution File, Format Version 12.00
# Visual Studio Version 16
VisualStudioVersion = 16.0.34601.136
MinimumVisualStudioVersion = 10.0.40219.1
Project("{FAE04EC0-301F-11D3-BF4B-00C04F79EFBC}") = "RVAProjekatDisco", "RVAProjekatDisco\RVAProjekatDisco.csproj", "{DDEF6D80-5E0F-4AD2-A44D-36F2C90A1B2A}"
EndProject
Project("{FAE04EC0-301F-11D3-BF4B-00C04F79EFBC}") = "Common", "Common\Common.csproj", "{3F90331A-500E-4427-9080-008C1EE103D0}"
EndProject
Project("{FAE04EC0-301F-11D3-BF4B-00C04F79EFBC}") = "Server", "Server\Server.csproj", "{679577E5-724D-4AA5-B139-BF550AA8B0CF}"
EndProject
Global
	GlobalSection(SolutionConfigurationPlatforms) = preSolution
		Debug|Any CPU = Debug|Any CPU
		Release|Any CPU = Release|Any CPU
	EndGlobalSection
	GlobalSection(ProjectConfigurationPlatforms) = postSolution
		{DDEF6D80-5E0F-4AD2-A44D-36F2C90A1B2A}.Debug|Any CPU.ActiveCfg = Debug|Any CPU
		{DDEF6D80-5E0F-4AD2-A44D-36F2C90A1B2A}.Debug|Any CPU.Build.0 = Debug|Any CPU
		{DDEF6D80-5E0F-4AD2-A44D-36F2C90A1B2A}.Release|Any CPU.ActiveCfg = Release|Any CPU
		{DDEF6D80-5E0F-4AD2-A44D-36F2C90A1B2A}.Release|Any CPU.Build.0 = Release|Any CPU
		{3F90331A-500E-4427-9080-008C1EE103D0}.Debug|Any CPU.ActiveCfg = Debug|Any CPU
		{3F90331A-500E-4427-9080-008C1EE103D0}.Debug|Any CPU.Build.0 = Debug|Any CPU
		{3F90331A-500E-4427-9080-008C1EE103D0}.Release|Any CPU.ActiveCfg = Release|Any CPU
		{3F90331A-500E-4427-9080-008C1EE103D0}.Release|Any CPU.Build.0 = Release|Any CPU
		{679577E5-724D-4AA5-B139-BF550AA8B0CF}.Debug|Any CPU.ActiveCfg = Debug|Any CPU
		{679577E5-724D-4AA5-B139-BF550AA8B0CF}.Debug|Any CPU.Build.0 = Debug|Any CPU
		{679577E5-724D-4AA5-B139-BF550AA8B0CF}.Release|Any CPU.ActiveCfg = Release|Any CPU
		{679577E5-724D-4AA5-B139-BF550AA8B0CF}.Release|Any CPU.Build.0 = Release|Any CPU
	EndGlobalSection
	GlobalSection(SolutionProperties) = preSolution
		HideSolutionNode = FALSE
	EndGlobalSection
	GlobalSection(ExtensibilityGlobals) = postSolution
		SolutionGuid = {A4378C46-AD51-4605-8CB1-8739B06D59A3}
	EndGlobalSection
EndGlobal
